{
  "version": 4,
  "terraform_version": "0.14.0",
  "serial": 7,
  "lineage": "3344aaee-6d4a-d69d-96c0-857bea222b9a",
  "outputs": {},
  "resources": [
    {
      "mode": "managed",
      "type": "google_container_cluster",
      "name": "primary",
      "provider": "provider[\"registry.terraform.io/hashicorp/google\"]",
      "instances": [
        {
          "schema_version": 1,
          "attributes": {
            "additional_zones": [],
            "addons_config": [
              {
                "horizontal_pod_autoscaling": [],
                "http_load_balancing": [],
                "kubernetes_dashboard": [],
                "network_policy_config": [
                  {
                    "disabled": true
                  }
                ]
              }
            ],
            "authenticator_groups_config": [],
            "cluster_autoscaling": [
              {
                "auto_provisioning_defaults": [],
                "enabled": false,
                "resource_limits": []
              }
            ],
            "cluster_ipv4_cidr": "10.0.0.0/14",
            "default_max_pods_per_node": null,
            "description": "",
            "enable_binary_authorization": null,
            "enable_intranode_visibility": null,
            "enable_kubernetes_alpha": false,
            "enable_legacy_abac": false,
            "enable_tpu": null,
            "endpoint": "104.197.179.143",
            "id": "projects/imposing-pipe-293809/locations/us-central1-c/clusters/test",
            "initial_node_count": 3,
            "instance_group_urls": [
              "https://www.googleapis.com/compute/v1/projects/imposing-pipe-293809/zones/us-central1-c/instanceGroups/gke-test-default-pool-447eb62c-grp"
            ],
            "ip_allocation_policy": [],
            "location": "us-central1-c",
            "logging_service": "logging.googleapis.com/kubernetes",
            "maintenance_policy": [],
            "master_auth": [
              {
                "client_certificate": "",
                "client_certificate_config": [
                  {
                    "issue_client_certificate": false
                  }
                ],
                "client_key": "",
                "cluster_ca_certificate": "LS0tLS1CRUdJTiBDRVJUSUZJQ0FURS0tLS0tCk1JSURLekNDQWhPZ0F3SUJBZ0lSQUpqb1pES3p3MytqL1o5VUNZVW8zU0l3RFFZSktvWklodmNOQVFFTEJRQXcKTHpFdE1Dc0dBMVVFQXhNa09UZ3paVGhsTjJFdFpHRTBPQzAwTW1NNExUazJPVEF0TWpBNFl6UXlPVFZqWkdVeQpNQjRYRFRJd01USXdOREUwTWpVeE0xb1hEVEkxTVRJd016RTFNalV4TTFvd0x6RXRNQ3NHQTFVRUF4TWtPVGd6ClpUaGxOMkV0WkdFME9DMDBNbU00TFRrMk9UQXRNakE0WXpReU9UVmpaR1V5TUlJQklqQU5CZ2txaGtpRzl3MEIKQVFFRkFBT0NBUThBTUlJQkNnS0NBUUVBcXAwTGM3clhlbmJ1eWpCWjYrUnpqMDBiZndPSjJNalloSUZ4a0JqMQpWZDNhNUM5cEJsczFKcEMyZUgycXFJWldqRndnYzlmeHhIZWRWZWxoakQxNmdlQnZVK2loRU9LUWtxb2p0cCt2Ck45U3IzMmY4TTlSbVVyM0RlMXdBS2IzYWlQZUVqQjc2aWRqNEhDZktNNkxaWXEwVGh0YXB6b0RxUU1Dbk9keUIKdXMydDJCVGxxeHdUb2NwQllMampXMmdBTG00eElLUjRzZndkOFRXR2NSUUh2eUZFOStpZTBrRGRHZm1tT3cvSAphbE9nR2dOd2dYWFpmUEEwUmptT1R0WHl1cm1aazRBWnRBK0lpQXQ0UllQaldIMGlWb1dlalNMNXc5eC94RzdPCm5ibGpuL1Z3eVdkemZqTmszZ0kxUytJRFUvOHlRb3lWMkI5NU40cDRaRDY1aFFJREFRQUJvMEl3UURBT0JnTlYKSFE4QkFmOEVCQU1DQWdRd0R3WURWUjBUQVFIL0JBVXdBd0VCL3pBZEJnTlZIUTRFRmdRVTF2TDg0Qkc3ME5pdApYZkprVlRFd1F3MEw4WGd3RFFZSktvWklodmNOQVFFTEJRQURnZ0VCQUtSdkZzUURDV25LNnplRU5zMUlMR1BmClNEUXNxb0JQVi9ySkoxZWp3SXlzUDRabWFJL0w2ckNwMkExbStJRTBnOElPZjJ3c1RDb3RYQVQ0VmxPV0NrUk4KYWFoSFJrdi94Q1lUT1hFUmtuZVJIekpXVGFiakRkYXRhZFpSNHZOdXR2cTZIWUFsUzd5a1M0cGhwOFRkdDYweQo5L2llVWgxOEFweStTMEVJTkJFNERyVE5qNTNxcExobDF6b1J2ZUVVZkNWNjRZSXBqVXpVOUtTb212c3gvaThjCi9oTklEV0hObG1UazloL09nU2ZEQ29qdFJYSnZ1SzVmclVwWk0wbFNqQ0FLNmN2eFAyTWZzdG9GLzVmTmNVUnYKT1g3V1JlZ2RYaW5HU2hkYWlCcTdJdVlLZW5TcDd2WUhTMXRYV0E1TEtjTHNHeG1TclVBZzdheEdFdWIxaXVjPQotLS0tLUVORCBDRVJUSUZJQ0FURS0tLS0tCg==",
                "password": "",
                "username": ""
              }
            ],
            "master_authorized_networks_config": [],
            "master_version": "1.16.13-gke.401",
            "min_master_version": null,
            "monitoring_service": "monitoring.googleapis.com/kubernetes",
            "name": "test",
            "network": "projects/imposing-pipe-293809/global/networks/default",
            "network_policy": [
              {
                "enabled": false,
                "provider": "PROVIDER_UNSPECIFIED"
              }
            ],
            "node_config": [
              {
                "disk_size_gb": 100,
                "disk_type": "pd-standard",
                "guest_accelerator": [],
                "image_type": "COS",
                "labels": {
                  "app": "test"
                },
                "local_ssd_count": 0,
                "machine_type": "e2-medium",
                "metadata": {
                  "disable-legacy-endpoints": "true"
                },
                "min_cpu_platform": "",
                "oauth_scopes": [
                  "https://www.googleapis.com/auth/logging.write",
                  "https://www.googleapis.com/auth/monitoring"
                ],
                "preemptible": false,
                "sandbox_config": [],
                "service_account": "default",
                "shielded_instance_config": [
                  {
                    "enable_integrity_monitoring": true,
                    "enable_secure_boot": false
                  }
                ],
                "tags": [
                  "app",
                  "test"
                ],
                "taint": [],
                "workload_metadata_config": []
              }
            ],
            "node_locations": [],
            "node_pool": [
              {
                "autoscaling": [],
                "initial_node_count": 3,
                "instance_group_urls": [
                  "https://www.googleapis.com/compute/v1/projects/imposing-pipe-293809/zones/us-central1-c/instanceGroupManagers/gke-test-default-pool-447eb62c-grp"
                ],
                "management": [
                  {
                    "auto_repair": true,
                    "auto_upgrade": true
                  }
                ],
                "max_pods_per_node": 0,
                "name": "default-pool",
                "name_prefix": "",
                "node_config": [
                  {
                    "disk_size_gb": 100,
                    "disk_type": "pd-standard",
                    "guest_accelerator": [],
                    "image_type": "COS",
                    "labels": {
                      "app": "test"
                    },
                    "local_ssd_count": 0,
                    "machine_type": "e2-medium",
                    "metadata": {
                      "disable-legacy-endpoints": "true"
                    },
                    "min_cpu_platform": "",
                    "oauth_scopes": [
                      "https://www.googleapis.com/auth/logging.write",
                      "https://www.googleapis.com/auth/monitoring"
                    ],
                    "preemptible": false,
                    "sandbox_config": [],
                    "service_account": "default",
                    "shielded_instance_config": [
                      {
                        "enable_integrity_monitoring": true,
                        "enable_secure_boot": false
                      }
                    ],
                    "tags": [
                      "app",
                      "test"
                    ],
                    "taint": [],
                    "workload_metadata_config": []
                  }
                ],
                "node_count": 3,
                "version": "1.16.13-gke.401"
              }
            ],
            "node_version": "1.16.13-gke.401",
            "operation": null,
            "pod_security_policy_config": [],
            "private_cluster_config": [],
            "project": "imposing-pipe-293809",
            "region": null,
            "remove_default_node_pool": null,
            "resource_labels": {},
            "services_ipv4_cidr": "10.3.240.0/20",
            "subnetwork": "projects/imposing-pipe-293809/regions/us-central1/subnetworks/default",
            "timeouts": {
              "create": "30m",
              "delete": null,
              "update": "40m"
            },
            "vertical_pod_autoscaling": [],
            "zone": null
          },
          "sensitive_attributes": [],
          "private": "eyJlMmJmYjczMC1lY2FhLTExZTYtOGY4OC0zNDM2M2JjN2M0YzAiOnsiY3JlYXRlIjoxODAwMDAwMDAwMDAwLCJkZWxldGUiOjI0MDAwMDAwMDAwMDAsInVwZGF0ZSI6MjQwMDAwMDAwMDAwMH0sInNjaGVtYV92ZXJzaW9uIjoiMSJ9"
        }
      ]
    },
    {
      "mode": "managed",
      "type": "google_sql_database_instance",
      "name": "master",
      "provider": "provider[\"registry.terraform.io/hashicorp/google\"]",
      "instances": [
        {
          "schema_version": 0,
          "attributes": {
            "connection_name": "imposing-pipe-293809:us-central1:master-instance",
            "database_version": "MYSQL_5_7",
            "first_ip_address": "35.202.105.71",
            "id": "master-instance",
            "ip_address": [
              {
                "ip_address": "35.202.105.71",
                "time_to_retire": "",
                "type": "PRIMARY"
              }
            ],
            "master_instance_name": "",
            "name": "master-instance",
            "private_ip_address": "",
            "project": "imposing-pipe-293809",
            "public_ip_address": "35.202.105.71",
            "region": "us-central1",
            "replica_configuration": [],
            "self_link": "https://www.googleapis.com/sql/v1beta4/projects/imposing-pipe-293809/instances/master-instance",
            "server_ca_cert": [
              {
                "cert": "-----BEGIN CERTIFICATE-----\nMIIDfzCCAmegAwIBAgIBADANBgkqhkiG9w0BAQsFADB3MS0wKwYDVQQuEyRkYWY4\nNmZhMi1jZWQ0LTRkMDctODkxNy0wNjM1NDBlZTdkN2YxIzAhBgNVBAMTGkdvb2ds\nZSBDbG91ZCBTUUwgU2VydmVyIENBMRQwEgYDVQQKEwtHb29nbGUsIEluYzELMAkG\nA1UEBhMCVVMwHhcNMjAxMjA0MTU0NDMyWhcNMzAxMjAyMTU0NTMyWjB3MS0wKwYD\nVQQuEyRkYWY4NmZhMi1jZWQ0LTRkMDctODkxNy0wNjM1NDBlZTdkN2YxIzAhBgNV\nBAMTGkdvb2dsZSBDbG91ZCBTUUwgU2VydmVyIENBMRQwEgYDVQQKEwtHb29nbGUs\nIEluYzELMAkGA1UEBhMCVVMwggEiMA0GCSqGSIb3DQEBAQUAA4IBDwAwggEKAoIB\nAQDRRkclEth5T+/vZudBq0JBjlM7j6OuPSDEjnfK1OhMKTr78RLPK24SLpetBly5\nwmXzjaNmuVLZ1oXSxHaLyJLZ32JW94u7RjkT9nx3IXHn7SAW1sP5pDA/beTpzp9E\nId2tDETs29IOTwrF7Yn2ZjZOHv8IBaKSA8VrjgHo6NnU88dg52rT+m3fvX7jv34v\neicfNcXhgvwUuTATo7LvKewlZ5PPLYIteO/YDnzECfCrbrXWI0zPJN6FxlzQf0LC\nFQwSikU6sT9tBpX5Vjd6pFD+Gpl9HuUaNDLSFUCbxuRIBIHxqaPxWim1wv2oFQXe\nezhjddCUfXS00wVGhP788UvbAgMBAAGjFjAUMBIGA1UdEwEB/wQIMAYBAf8CAQAw\nDQYJKoZIhvcNAQELBQADggEBACTAIhFWOEj1Q7pID8OsaFCWug/9b0H4JHxK/690\nopP6Y9yCCyziuDfXSnnK/ghh5wN1Li0Y1+1ppZsAjxwAWgyn3ZET+Xii6oLqrC+z\nzGX4dMgJijFYGujOD8SAp7Rh04M4GrAY/lj3A/399FvMDLvSEap+NqJXGti1V8WC\nZPz3vd5gwUUSWwfuJagfPzZlpEtG2+4V08mli5FpGciwmSDb+JZxnX0ijKAWPBJ1\ntYO6Cqd5rbe7qBb9yuZenwtLYiXmCOxYf3FQbJfT2SmE4UX4Yjx+97OJz5Qd/Ro9\nBAsvg9lVYvFpQmWD0lwmgNozwA4wTOQQRblVg95yrBq7DVI=\n-----END CERTIFICATE-----",
                "common_name": "C=US,O=Google\\, Inc,CN=Google Cloud SQL Server CA,dnQualifier=daf86fa2-ced4-4d07-8917-063540ee7d7f",
                "create_time": "2020-12-04T15:44:32.812Z",
                "expiration_time": "2030-12-02T15:45:32.812Z",
                "sha1_fingerprint": "d2720a319f6a6133c6bb7b2c240596ed6f774491"
              }
            ],
            "service_account_email_address": "p694378410545-b33cbm@gcp-sa-cloud-sql.iam.gserviceaccount.com",
            "settings": [
              {
                "activation_policy": "ALWAYS",
                "authorized_gae_applications": null,
                "availability_type": "",
                "backup_configuration": [
                  {
                    "binary_log_enabled": false,
                    "enabled": false,
                    "location": "",
                    "start_time": "05:00"
                  }
                ],
                "crash_safe_replication": false,
                "database_flags": [],
                "disk_autoresize": true,
                "disk_size": 10,
                "disk_type": "PD_SSD",
                "ip_configuration": [
                  {
                    "authorized_networks": [],
                    "ipv4_enabled": true,
                    "private_network": "",
                    "require_ssl": false
                  }
                ],
                "location_preference": [
                  {
                    "follow_gae_application": "",
                    "zone": "us-central1-b"
                  }
                ],
                "maintenance_window": [],
                "pricing_plan": "PER_USE",
                "replication_type": "SYNCHRONOUS",
                "tier": "db-f1-micro",
                "user_labels": null,
                "version": 1
              }
            ],
            "timeouts": null
          },
          "sensitive_attributes": [],
          "private": "eyJlMmJmYjczMC1lY2FhLTExZTYtOGY4OC0zNDM2M2JjN2M0YzAiOnsiY3JlYXRlIjoxMjAwMDAwMDAwMDAwLCJkZWxldGUiOjEyMDAwMDAwMDAwMDAsInVwZGF0ZSI6MTIwMDAwMDAwMDAwMH19"
        }
      ]
    }
  ]
}
